
Microsoft Visual Studio Solution File, Format Version 12.00
# Visual Studio Version 16
VisualStudioVersion = 16.0.31424.327
MinimumVisualStudioVersion = 10.0.40219.1
Project("{FAE04EC0-301F-11D3-BF4B-00C04F79EFBC}") = "HandsOnConstructors", "HandsOnConstructors\HandsOnConstructors.csproj", "{0533ADF1-BFF5-46FB-86B5-2C1A8A225FBD}"
EndProject
Global
	GlobalSection(SolutionConfigurationPlatforms) = preSolution
		Debug|Any CPU = Debug|Any CPU
		Release|Any CPU = Release|Any CPU
	EndGlobalSection
	GlobalSection(ProjectConfigurationPlatforms) = postSolution
		{0533ADF1-BFF5-46FB-86B5-2C1A8A225FBD}.Debug|Any CPU.ActiveCfg = Debug|Any CPU
		{0533ADF1-BFF5-46FB-86B5-2C1A8A225FBD}.Debug|Any CPU.Build.0 = Debug|Any CPU
		{0533ADF1-BFF5-46FB-86B5-2C1A8A225FBD}.Release|Any CPU.ActiveCfg = Release|Any CPU
		{0533ADF1-BFF5-46FB-86B5-2C1A8A225FBD}.Release|Any CPU.Build.0 = Release|Any CPU
	EndGlobalSection
	GlobalSection(SolutionProperties) = preSolution
		HideSolutionNode = FALSE
	EndGlobalSection
	GlobalSection(ExtensibilityGlobals) = postSolution
		SolutionGuid = {FB497D5A-01CA-4950-9305-1F25602B32AC}
	EndGlobalSection
EndGlobal
