
Microsoft Visual Studio Solution File, Format Version 12.00
# Visual Studio Version 16
VisualStudioVersion = 16.0.31424.327
MinimumVisualStudioVersion = 10.0.40219.1
Project("{FAE04EC0-301F-11D3-BF4B-00C04F79EFBC}") = "HandsOnClasses", "HandsOnClasses.csproj", "{17C21B90-836C-449C-B3E1-1F08D1921EF2}"
EndProject
Global
	GlobalSection(SolutionConfigurationPlatforms) = preSolution
		Debug|Any CPU = Debug|Any CPU
		Release|Any CPU = Release|Any CPU
	EndGlobalSection
	GlobalSection(ProjectConfigurationPlatforms) = postSolution
		{17C21B90-836C-449C-B3E1-1F08D1921EF2}.Debug|Any CPU.ActiveCfg = Debug|Any CPU
		{17C21B90-836C-449C-B3E1-1F08D1921EF2}.Debug|Any CPU.Build.0 = Debug|Any CPU
		{17C21B90-836C-449C-B3E1-1F08D1921EF2}.Release|Any CPU.ActiveCfg = Release|Any CPU
		{17C21B90-836C-449C-B3E1-1F08D1921EF2}.Release|Any CPU.Build.0 = Release|Any CPU
	EndGlobalSection
	GlobalSection(SolutionProperties) = preSolution
		HideSolutionNode = FALSE
	EndGlobalSection
	GlobalSection(ExtensibilityGlobals) = postSolution
		SolutionGuid = {EF8077E7-A15B-43DA-A718-BD68BEA5DC8B}
	EndGlobalSection
EndGlobal
