
Microsoft Visual Studio Solution File, Format Version 12.00
# Visual Studio Version 16
VisualStudioVersion = 16.0.31605.320
MinimumVisualStudioVersion = 10.0.40219.1
Project("{FAE04EC0-301F-11D3-BF4B-00C04F79EFBC}") = "AirLineReservation.API", "AirLineReservation.API\AirLineReservation.API.csproj", "{3B723F83-16D1-4F6F-AD45-FD3C541AAE23}"
EndProject
Project("{FAE04EC0-301F-11D3-BF4B-00C04F79EFBC}") = "AirLineReservation.UI", "AirLineReservation.UI\AirLineReservation.UI.csproj", "{548C42E9-7FC7-4B47-8D5E-076B95938F1B}"
EndProject
Global
	GlobalSection(SolutionConfigurationPlatforms) = preSolution
		Debug|Any CPU = Debug|Any CPU
		Release|Any CPU = Release|Any CPU
	EndGlobalSection
	GlobalSection(ProjectConfigurationPlatforms) = postSolution
		{3B723F83-16D1-4F6F-AD45-FD3C541AAE23}.Debug|Any CPU.ActiveCfg = Debug|Any CPU
		{3B723F83-16D1-4F6F-AD45-FD3C541AAE23}.Debug|Any CPU.Build.0 = Debug|Any CPU
		{3B723F83-16D1-4F6F-AD45-FD3C541AAE23}.Release|Any CPU.ActiveCfg = Release|Any CPU
		{3B723F83-16D1-4F6F-AD45-FD3C541AAE23}.Release|Any CPU.Build.0 = Release|Any CPU
		{548C42E9-7FC7-4B47-8D5E-076B95938F1B}.Debug|Any CPU.ActiveCfg = Debug|Any CPU
		{548C42E9-7FC7-4B47-8D5E-076B95938F1B}.Debug|Any CPU.Build.0 = Debug|Any CPU
		{548C42E9-7FC7-4B47-8D5E-076B95938F1B}.Release|Any CPU.ActiveCfg = Release|Any CPU
		{548C42E9-7FC7-4B47-8D5E-076B95938F1B}.Release|Any CPU.Build.0 = Release|Any CPU
	EndGlobalSection
	GlobalSection(SolutionProperties) = preSolution
		HideSolutionNode = FALSE
	EndGlobalSection
	GlobalSection(ExtensibilityGlobals) = postSolution
		SolutionGuid = {F711F64E-6F90-43A3-9392-DEAE85E5D603}
	EndGlobalSection
EndGlobal
