
Microsoft Visual Studio Solution File, Format Version 12.00
# Visual Studio Version 16
VisualStudioVersion = 16.0.31605.320
MinimumVisualStudioVersion = 10.0.40219.1
Project("{FAE04EC0-301F-11D3-BF4B-00C04F79EFBC}") = "HandsOnHelpers", "HandsOnHelpers\HandsOnHelpers.csproj", "{7A1AFC30-28B9-4D48-8ABE-2DD4855A0522}"
EndProject
Global
	GlobalSection(SolutionConfigurationPlatforms) = preSolution
		Debug|Any CPU = Debug|Any CPU
		Release|Any CPU = Release|Any CPU
	EndGlobalSection
	GlobalSection(ProjectConfigurationPlatforms) = postSolution
		{7A1AFC30-28B9-4D48-8ABE-2DD4855A0522}.Debug|Any CPU.ActiveCfg = Debug|Any CPU
		{7A1AFC30-28B9-4D48-8ABE-2DD4855A0522}.Debug|Any CPU.Build.0 = Debug|Any CPU
		{7A1AFC30-28B9-4D48-8ABE-2DD4855A0522}.Release|Any CPU.ActiveCfg = Release|Any CPU
		{7A1AFC30-28B9-4D48-8ABE-2DD4855A0522}.Release|Any CPU.Build.0 = Release|Any CPU
	EndGlobalSection
	GlobalSection(SolutionProperties) = preSolution
		HideSolutionNode = FALSE
	EndGlobalSection
	GlobalSection(ExtensibilityGlobals) = postSolution
		SolutionGuid = {560D250F-C632-4A30-AA03-1F392EE46716}
	EndGlobalSection
EndGlobal
