
Microsoft Visual Studio Solution File, Format Version 12.00
# Visual Studio Version 16
VisualStudioVersion = 16.0.31424.327
MinimumVisualStudioVersion = 10.0.40219.1
Project("{FAE04EC0-301F-11D3-BF4B-00C04F79EFBC}") = "HandsOnArrays", "HandsOnArrays.csproj", "{C3210A7A-1422-48C3-A623-4D3CCE553307}"
EndProject
Global
	GlobalSection(SolutionConfigurationPlatforms) = preSolution
		Debug|Any CPU = Debug|Any CPU
		Release|Any CPU = Release|Any CPU
	EndGlobalSection
	GlobalSection(ProjectConfigurationPlatforms) = postSolution
		{C3210A7A-1422-48C3-A623-4D3CCE553307}.Debug|Any CPU.ActiveCfg = Debug|Any CPU
		{C3210A7A-1422-48C3-A623-4D3CCE553307}.Debug|Any CPU.Build.0 = Debug|Any CPU
		{C3210A7A-1422-48C3-A623-4D3CCE553307}.Release|Any CPU.ActiveCfg = Release|Any CPU
		{C3210A7A-1422-48C3-A623-4D3CCE553307}.Release|Any CPU.Build.0 = Release|Any CPU
	EndGlobalSection
	GlobalSection(SolutionProperties) = preSolution
		HideSolutionNode = FALSE
	EndGlobalSection
	GlobalSection(ExtensibilityGlobals) = postSolution
		SolutionGuid = {C851895C-FE73-452A-8D7A-67D9A40CF33C}
	EndGlobalSection
EndGlobal
