
Microsoft Visual Studio Solution File, Format Version 12.00
# Visual Studio Version 16
VisualStudioVersion = 16.0.31605.320
MinimumVisualStudioVersion = 10.0.40219.1
Project("{FAE04EC0-301F-11D3-BF4B-00C04F79EFBC}") = "HandsOnLINQ", "HandsOnLINQ.csproj", "{EAC989CF-9C29-4F0F-9DBA-01344D73900E}"
EndProject
Global
	GlobalSection(SolutionConfigurationPlatforms) = preSolution
		Debug|Any CPU = Debug|Any CPU
		Release|Any CPU = Release|Any CPU
	EndGlobalSection
	GlobalSection(ProjectConfigurationPlatforms) = postSolution
		{EAC989CF-9C29-4F0F-9DBA-01344D73900E}.Debug|Any CPU.ActiveCfg = Debug|Any CPU
		{EAC989CF-9C29-4F0F-9DBA-01344D73900E}.Debug|Any CPU.Build.0 = Debug|Any CPU
		{EAC989CF-9C29-4F0F-9DBA-01344D73900E}.Release|Any CPU.ActiveCfg = Release|Any CPU
		{EAC989CF-9C29-4F0F-9DBA-01344D73900E}.Release|Any CPU.Build.0 = Release|Any CPU
	EndGlobalSection
	GlobalSection(SolutionProperties) = preSolution
		HideSolutionNode = FALSE
	EndGlobalSection
	GlobalSection(ExtensibilityGlobals) = postSolution
		SolutionGuid = {1F6657A8-3795-4BDE-9C35-7E8D88DCE48E}
	EndGlobalSection
EndGlobal
