
Microsoft Visual Studio Solution File, Format Version 12.00
# Visual Studio Version 16
VisualStudioVersion = 16.0.31424.327
MinimumVisualStudioVersion = 10.0.40219.1
Project("{FAE04EC0-301F-11D3-BF4B-00C04F79EFBC}") = "MyLibrary", "MyLibrary\MyLibrary.csproj", "{4125671C-7818-419A-A933-58E0387969F6}"
EndProject
Project("{FAE04EC0-301F-11D3-BF4B-00C04F79EFBC}") = "Console-Client", "Console-Client\Console-Client.csproj", "{DFE63365-6B90-44EC-B605-B53F74CFBA9C}"
EndProject
Global
	GlobalSection(SolutionConfigurationPlatforms) = preSolution
		Debug|Any CPU = Debug|Any CPU
		Release|Any CPU = Release|Any CPU
	EndGlobalSection
	GlobalSection(ProjectConfigurationPlatforms) = postSolution
		{4125671C-7818-419A-A933-58E0387969F6}.Debug|Any CPU.ActiveCfg = Debug|Any CPU
		{4125671C-7818-419A-A933-58E0387969F6}.Debug|Any CPU.Build.0 = Debug|Any CPU
		{4125671C-7818-419A-A933-58E0387969F6}.Release|Any CPU.ActiveCfg = Release|Any CPU
		{4125671C-7818-419A-A933-58E0387969F6}.Release|Any CPU.Build.0 = Release|Any CPU
		{DFE63365-6B90-44EC-B605-B53F74CFBA9C}.Debug|Any CPU.ActiveCfg = Debug|Any CPU
		{DFE63365-6B90-44EC-B605-B53F74CFBA9C}.Debug|Any CPU.Build.0 = Debug|Any CPU
		{DFE63365-6B90-44EC-B605-B53F74CFBA9C}.Release|Any CPU.ActiveCfg = Release|Any CPU
		{DFE63365-6B90-44EC-B605-B53F74CFBA9C}.Release|Any CPU.Build.0 = Release|Any CPU
	EndGlobalSection
	GlobalSection(SolutionProperties) = preSolution
		HideSolutionNode = FALSE
	EndGlobalSection
	GlobalSection(ExtensibilityGlobals) = postSolution
		SolutionGuid = {FD2C7AEB-32A0-48BC-9EA0-ED9CDAB5752B}
	EndGlobalSection
EndGlobal
