
Microsoft Visual Studio Solution File, Format Version 12.00
# Visual Studio Version 16
VisualStudioVersion = 16.0.31605.320
MinimumVisualStudioVersion = 10.0.40219.1
Project("{FAE04EC0-301F-11D3-BF4B-00C04F79EFBC}") = "MyFirstAPI", "MyFirstAPI\MyFirstAPI.csproj", "{EDC2AB26-3758-437D-8809-309B93BF1CDB}"
EndProject
Global
	GlobalSection(SolutionConfigurationPlatforms) = preSolution
		Debug|Any CPU = Debug|Any CPU
		Release|Any CPU = Release|Any CPU
	EndGlobalSection
	GlobalSection(ProjectConfigurationPlatforms) = postSolution
		{EDC2AB26-3758-437D-8809-309B93BF1CDB}.Debug|Any CPU.ActiveCfg = Debug|Any CPU
		{EDC2AB26-3758-437D-8809-309B93BF1CDB}.Debug|Any CPU.Build.0 = Debug|Any CPU
		{EDC2AB26-3758-437D-8809-309B93BF1CDB}.Release|Any CPU.ActiveCfg = Release|Any CPU
		{EDC2AB26-3758-437D-8809-309B93BF1CDB}.Release|Any CPU.Build.0 = Release|Any CPU
	EndGlobalSection
	GlobalSection(SolutionProperties) = preSolution
		HideSolutionNode = FALSE
	EndGlobalSection
	GlobalSection(ExtensibilityGlobals) = postSolution
		SolutionGuid = {5EEF5A99-6C4A-4D13-B3CA-0FD9DC6B4F7C}
	EndGlobalSection
EndGlobal
