
Microsoft Visual Studio Solution File, Format Version 12.00
# Visual Studio Version 16
VisualStudioVersion = 16.0.31605.320
MinimumVisualStudioVersion = 10.0.40219.1
Project("{FAE04EC0-301F-11D3-BF4B-00C04F79EFBC}") = "HandsOnEFDBFirst", "HandsOnEFDBFirst\HandsOnEFDBFirst.csproj", "{60B31D6F-52E4-4BD8-A094-A478C433F852}"
EndProject
Global
	GlobalSection(SolutionConfigurationPlatforms) = preSolution
		Debug|Any CPU = Debug|Any CPU
		Release|Any CPU = Release|Any CPU
	EndGlobalSection
	GlobalSection(ProjectConfigurationPlatforms) = postSolution
		{60B31D6F-52E4-4BD8-A094-A478C433F852}.Debug|Any CPU.ActiveCfg = Debug|Any CPU
		{60B31D6F-52E4-4BD8-A094-A478C433F852}.Debug|Any CPU.Build.0 = Debug|Any CPU
		{60B31D6F-52E4-4BD8-A094-A478C433F852}.Release|Any CPU.ActiveCfg = Release|Any CPU
		{60B31D6F-52E4-4BD8-A094-A478C433F852}.Release|Any CPU.Build.0 = Release|Any CPU
	EndGlobalSection
	GlobalSection(SolutionProperties) = preSolution
		HideSolutionNode = FALSE
	EndGlobalSection
	GlobalSection(ExtensibilityGlobals) = postSolution
		SolutionGuid = {AF2F86E6-A6E0-45BB-893E-4663450BA6F6}
	EndGlobalSection
EndGlobal
