
Microsoft Visual Studio Solution File, Format Version 12.00
# Visual Studio Version 16
VisualStudioVersion = 16.0.31605.320
MinimumVisualStudioVersion = 10.0.40219.1
Project("{FAE04EC0-301F-11D3-BF4B-00C04F79EFBC}") = "HandsOnAdo-Demo2", "HandsOnAdo-Demo2.csproj", "{5D714392-1A01-43F3-AC8F-E3AB0F8D1124}"
EndProject
Global
	GlobalSection(SolutionConfigurationPlatforms) = preSolution
		Debug|Any CPU = Debug|Any CPU
		Release|Any CPU = Release|Any CPU
	EndGlobalSection
	GlobalSection(ProjectConfigurationPlatforms) = postSolution
		{5D714392-1A01-43F3-AC8F-E3AB0F8D1124}.Debug|Any CPU.ActiveCfg = Debug|Any CPU
		{5D714392-1A01-43F3-AC8F-E3AB0F8D1124}.Debug|Any CPU.Build.0 = Debug|Any CPU
		{5D714392-1A01-43F3-AC8F-E3AB0F8D1124}.Release|Any CPU.ActiveCfg = Release|Any CPU
		{5D714392-1A01-43F3-AC8F-E3AB0F8D1124}.Release|Any CPU.Build.0 = Release|Any CPU
	EndGlobalSection
	GlobalSection(SolutionProperties) = preSolution
		HideSolutionNode = FALSE
	EndGlobalSection
	GlobalSection(ExtensibilityGlobals) = postSolution
		SolutionGuid = {DA8719BB-F03B-4814-8182-2096E489A57A}
	EndGlobalSection
EndGlobal
