
Microsoft Visual Studio Solution File, Format Version 12.00
# Visual Studio Version 16
VisualStudioVersion = 16.0.31424.327
MinimumVisualStudioVersion = 10.0.40219.1
Project("{FAE04EC0-301F-11D3-BF4B-00C04F79EFBC}") = "HandsOnNonGenericCollections", "HandsOnNonGenericCollections\HandsOnNonGenericCollections.csproj", "{8E4DC567-B070-47FA-8878-A4466476B9ED}"
EndProject
Project("{FAE04EC0-301F-11D3-BF4B-00C04F79EFBC}") = "HandsOnGenericCollections", "HandsOnGenericCollections\HandsOnGenericCollections.csproj", "{D2C21498-CEE9-4214-A7DF-0F54B5B883F2}"
EndProject
Global
	GlobalSection(SolutionConfigurationPlatforms) = preSolution
		Debug|Any CPU = Debug|Any CPU
		Release|Any CPU = Release|Any CPU
	EndGlobalSection
	GlobalSection(ProjectConfigurationPlatforms) = postSolution
		{8E4DC567-B070-47FA-8878-A4466476B9ED}.Debug|Any CPU.ActiveCfg = Debug|Any CPU
		{8E4DC567-B070-47FA-8878-A4466476B9ED}.Debug|Any CPU.Build.0 = Debug|Any CPU
		{8E4DC567-B070-47FA-8878-A4466476B9ED}.Release|Any CPU.ActiveCfg = Release|Any CPU
		{8E4DC567-B070-47FA-8878-A4466476B9ED}.Release|Any CPU.Build.0 = Release|Any CPU
		{D2C21498-CEE9-4214-A7DF-0F54B5B883F2}.Debug|Any CPU.ActiveCfg = Debug|Any CPU
		{D2C21498-CEE9-4214-A7DF-0F54B5B883F2}.Debug|Any CPU.Build.0 = Debug|Any CPU
		{D2C21498-CEE9-4214-A7DF-0F54B5B883F2}.Release|Any CPU.ActiveCfg = Release|Any CPU
		{D2C21498-CEE9-4214-A7DF-0F54B5B883F2}.Release|Any CPU.Build.0 = Release|Any CPU
	EndGlobalSection
	GlobalSection(SolutionProperties) = preSolution
		HideSolutionNode = FALSE
	EndGlobalSection
	GlobalSection(ExtensibilityGlobals) = postSolution
		SolutionGuid = {C4AB9FCE-F5B1-4019-96EA-9C8A4A977A6B}
	EndGlobalSection
EndGlobal
