
Microsoft Visual Studio Solution File, Format Version 12.00
# Visual Studio Version 16
VisualStudioVersion = 16.0.31424.327
MinimumVisualStudioVersion = 10.0.40219.1
Project("{FAE04EC0-301F-11D3-BF4B-00C04F79EFBC}") = "HandsOnProperties", "HandsOnProperties\HandsOnProperties.csproj", "{DF5567E8-0678-40F6-8A89-51923837BBBD}"
EndProject
Global
	GlobalSection(SolutionConfigurationPlatforms) = preSolution
		Debug|Any CPU = Debug|Any CPU
		Release|Any CPU = Release|Any CPU
	EndGlobalSection
	GlobalSection(ProjectConfigurationPlatforms) = postSolution
		{DF5567E8-0678-40F6-8A89-51923837BBBD}.Debug|Any CPU.ActiveCfg = Debug|Any CPU
		{DF5567E8-0678-40F6-8A89-51923837BBBD}.Debug|Any CPU.Build.0 = Debug|Any CPU
		{DF5567E8-0678-40F6-8A89-51923837BBBD}.Release|Any CPU.ActiveCfg = Release|Any CPU
		{DF5567E8-0678-40F6-8A89-51923837BBBD}.Release|Any CPU.Build.0 = Release|Any CPU
	EndGlobalSection
	GlobalSection(SolutionProperties) = preSolution
		HideSolutionNode = FALSE
	EndGlobalSection
	GlobalSection(ExtensibilityGlobals) = postSolution
		SolutionGuid = {139CF553-BF93-4073-BE92-514C7AB02A02}
	EndGlobalSection
EndGlobal
