
Microsoft Visual Studio Solution File, Format Version 12.00
# Visual Studio Version 16
VisualStudioVersion = 16.0.31205.134
MinimumVisualStudioVersion = 10.0.40219.1
Project("{FAE04EC0-301F-11D3-BF4B-00C04F79EFBC}") = "HandsOnSerialization", "HandsOnSerialization\HandsOnSerialization.csproj", "{DE8FD3BC-3EC8-4221-8762-8A178E4C823B}"
EndProject
Global
	GlobalSection(SolutionConfigurationPlatforms) = preSolution
		Debug|Any CPU = Debug|Any CPU
		Release|Any CPU = Release|Any CPU
	EndGlobalSection
	GlobalSection(ProjectConfigurationPlatforms) = postSolution
		{DE8FD3BC-3EC8-4221-8762-8A178E4C823B}.Debug|Any CPU.ActiveCfg = Debug|Any CPU
		{DE8FD3BC-3EC8-4221-8762-8A178E4C823B}.Debug|Any CPU.Build.0 = Debug|Any CPU
		{DE8FD3BC-3EC8-4221-8762-8A178E4C823B}.Release|Any CPU.ActiveCfg = Release|Any CPU
		{DE8FD3BC-3EC8-4221-8762-8A178E4C823B}.Release|Any CPU.Build.0 = Release|Any CPU
	EndGlobalSection
	GlobalSection(SolutionProperties) = preSolution
		HideSolutionNode = FALSE
	EndGlobalSection
	GlobalSection(ExtensibilityGlobals) = postSolution
		SolutionGuid = {6505A5D8-6484-44EB-ADB5-C114801192F8}
	EndGlobalSection
EndGlobal
